
Microsoft Visual Studio Solution File, Format Version 11.00
# Visual C# Express 2010
Project("{FAE04EC0-301F-11D3-BF4B-00C04F79EFBC}") = "AutoLogOff", "AutoLogOff\AutoLogOff.csproj", "{5265BE88-802A-4B2E-8F16-04D4B2F84B78}"
EndProject
Global
	GlobalSection(SolutionConfigurationPlatforms) = preSolution
		Debug|x86 = Debug|x86
		Release|x86 = Release|x86
	EndGlobalSection
	GlobalSection(ProjectConfigurationPlatforms) = postSolution
		{5265BE88-802A-4B2E-8F16-04D4B2F84B78}.Debug|x86.ActiveCfg = Debug|x86
		{5265BE88-802A-4B2E-8F16-04D4B2F84B78}.Debug|x86.Build.0 = Debug|x86
		{5265BE88-802A-4B2E-8F16-04D4B2F84B78}.Release|x86.ActiveCfg = Release|x86
		{5265BE88-802A-4B2E-8F16-04D4B2F84B78}.Release|x86.Build.0 = Release|x86
	EndGlobalSection
	GlobalSection(SolutionProperties) = preSolution
		HideSolutionNode = FALSE
	EndGlobalSection
EndGlobal
